// !$*UTF8*$!
{
	archiveVersion = 1;
	classes = {
	};
	objectVersion = 50;
	objects = {

/* Begin PBXBuildFile section */
		091E0F08677EA86BDF9248F4 /* libPods-datadbUITests.a in Frameworks */ = {isa = PBXBuildFile; fileRef = 9EE86A7C187C993E03FC7E31 /* libPods-datadbUITests.a */; };
		25FE8D4017C7774B68D3D4F9 /* libPods-datadb.a in Frameworks */ = {isa = PBXBuildFile; fileRef = 2809F07B54BCC7AA4A5033FE /* libPods-datadb.a */; };
		9F1171AA22056E2E002A5485 /* AppDelegate.m in Sources */ = {isa = PBXBuildFile; fileRef = 9F1171A922056E2E002A5485 /* AppDelegate.m */; };
		9F1171AD22056E2E002A5485 /* ViewController.m in Sources */ = {isa = PBXBuildFile; fileRef = 9F1171AC22056E2E002A5485 /* ViewController.m */; };
		9F1171B022056E2E002A5485 /* Main.storyboard in Resources */ = {isa = PBXBuildFile; fileRef = 9F1171AE22056E2E002A5485 /* Main.storyboard */; };
		9F1171B222056E30002A5485 /* Assets.xcassets in Resources */ = {isa = PBXBuildFile; fileRef = 9F1171B122056E30002A5485 /* Assets.xcassets */; };
		9F1171B522056E30002A5485 /* LaunchScreen.storyboard in Resources */ = {isa = PBXBuildFile; fileRef = 9F1171B322056E30002A5485 /* LaunchScreen.storyboard */; };
		9F1171B822056E30002A5485 /* main.m in Sources */ = {isa = PBXBuildFile; fileRef = 9F1171B722056E30002A5485 /* main.m */; };
		9F1171C222056E30002A5485 /* datadbTests.m in Sources */ = {isa = PBXBuildFile; fileRef = 9F1171C122056E30002A5485 /* datadbTests.m */; };
		9F1171CD22056E30002A5485 /* datadbUITests.m in Sources */ = {isa = PBXBuildFile; fileRef = 9F1171CC22056E30002A5485 /* datadbUITests.m */; };
		9FD3A72F2211093F00770F5F /* DBTool.m in Sources */ = {isa = PBXBuildFile; fileRef = 9FD3A72E2211093F00770F5F /* DBTool.m */; };
		CD46872144A23EA65E301B1F /* libPods-datadbTests.a in Frameworks */ = {isa = PBXBuildFile; fileRef = B25BABA4E9E18395F5FF4C01 /* libPods-datadbTests.a */; };
/* End PBXBuildFile section */

/* Begin PBXContainerItemProxy section */
		9F1171BE22056E30002A5485 /* PBXContainerItemProxy */ = {
			isa = PBXContainerItemProxy;
			containerPortal = 9F11719D22056E2E002A5485 /* Project object */;
			proxyType = 1;
			remoteGlobalIDString = 9F1171A422056E2E002A5485;
			remoteInfo = datadb;
		};
		9F1171C922056E30002A5485 /* PBXContainerItemProxy */ = {
			isa = PBXContainerItemProxy;
			containerPortal = 9F11719D22056E2E002A5485 /* Project object */;
			proxyType = 1;
			remoteGlobalIDString = 9F1171A422056E2E002A5485;
			remoteInfo = datadb;
		};
/* End PBXContainerItemProxy section */

/* Begin PBXFileReference section */
		11DADBB35DE0A90507B5E147 /* Pods-datadbTests.debug.xcconfig */ = {isa = PBXFileReference; includeInIndex = 1; lastKnownFileType = text.xcconfig; name = "Pods-datadbTests.debug.xcconfig"; path = "Pods/Target Support Files/Pods-datadbTests/Pods-datadbTests.debug.xcconfig"; sourceTree = "<group>"; };
		2809F07B54BCC7AA4A5033FE /* libPods-datadb.a */ = {isa = PBXFileReference; explicitFileType = archive.ar; includeInIndex = 0; path = "libPods-datadb.a"; sourceTree = BUILT_PRODUCTS_DIR; };
		5A38A7E15E151323B5C4903A /* Pods-datadb.release.xcconfig */ = {isa = PBXFileReference; includeInIndex = 1; lastKnownFileType = text.xcconfig; name = "Pods-datadb.release.xcconfig"; path = "Pods/Target Support Files/Pods-datadb/Pods-datadb.release.xcconfig"; sourceTree = "<group>"; };
		608D8356E3235B19FEB0BAE6 /* Pods-datadb.debug.xcconfig */ = {isa = PBXFileReference; includeInIndex = 1; lastKnownFileType = text.xcconfig; name = "Pods-datadb.debug.xcconfig"; path = "Pods/Target Support Files/Pods-datadb/Pods-datadb.debug.xcconfig"; sourceTree = "<group>"; };
		9EE86A7C187C993E03FC7E31 /* libPods-datadbUITests.a */ = {isa = PBXFileReference; explicitFileType = archive.ar; includeInIndex = 0; path = "libPods-datadbUITests.a"; sourceTree = BUILT_PRODUCTS_DIR; };
		9F1171A522056E2E002A5485 /* datadb.app */ = {isa = PBXFileReference; explicitFileType = wrapper.application; includeInIndex = 0; path = datadb.app; sourceTree = BUILT_PRODUCTS_DIR; };
		9F1171A822056E2E002A5485 /* AppDelegate.h */ = {isa = PBXFileReference; lastKnownFileType = sourcecode.c.h; path = AppDelegate.h; sourceTree = "<group>"; };
		9F1171A922056E2E002A5485 /* AppDelegate.m */ = {isa = PBXFileReference; lastKnownFileType = sourcecode.c.objc; path = AppDelegate.m; sourceTree = "<group>"; };
		9F1171AB22056E2E002A5485 /* ViewController.h */ = {isa = PBXFileReference; lastKnownFileType = sourcecode.c.h; path = ViewController.h; sourceTree = "<group>"; };
		9F1171AC22056E2E002A5485 /* ViewController.m */ = {isa = PBXFileReference; lastKnownFileType = sourcecode.c.objc; path = ViewController.m; sourceTree = "<group>"; };
		9F1171AF22056E2E002A5485 /* Base */ = {isa = PBXFileReference; lastKnownFileType = file.storyboard; name = Base; path = Base.lproj/Main.storyboard; sourceTree = "<group>"; };
		9F1171B122056E30002A5485 /* Assets.xcassets */ = {isa = PBXFileReference; lastKnownFileType = folder.assetcatalog; path = Assets.xcassets; sourceTree = "<group>"; };
		9F1171B422056E30002A5485 /* Base */ = {isa = PBXFileReference; lastKnownFileType = file.storyboard; name = Base; path = Base.lproj/LaunchScreen.storyboard; sourceTree = "<group>"; };
		9F1171B622056E30002A5485 /* Info.plist */ = {isa = PBXFileReference; lastKnownFileType = text.plist.xml; path = Info.plist; sourceTree = "<group>"; };
		9F1171B722056E30002A5485 /* main.m */ = {isa = PBXFileReference; lastKnownFileType = sourcecode.c.objc; path = main.m; sourceTree = "<group>"; };
		9F1171BD22056E30002A5485 /* datadbTests.xctest */ = {isa = PBXFileReference; explicitFileType = wrapper.cfbundle; includeInIndex = 0; path = datadbTests.xctest; sourceTree = BUILT_PRODUCTS_DIR; };
		9F1171C122056E30002A5485 /* datadbTests.m */ = {isa = PBXFileReference; lastKnownFileType = sourcecode.c.objc; path = datadbTests.m; sourceTree = "<group>"; };
		9F1171C322056E30002A5485 /* Info.plist */ = {isa = PBXFileReference; lastKnownFileType = text.plist.xml; path = Info.plist; sourceTree = "<group>"; };
		9F1171C822056E30002A5485 /* datadbUITests.xctest */ = {isa = PBXFileReference; explicitFileType = wrapper.cfbundle; includeInIndex = 0; path = datadbUITests.xctest; sourceTree = BUILT_PRODUCTS_DIR; };
		9F1171CC22056E30002A5485 /* datadbUITests.m */ = {isa = PBXFileReference; lastKnownFileType = sourcecode.c.objc; path = datadbUITests.m; sourceTree = "<group>"; };
		9F1171CE22056E30002A5485 /* Info.plist */ = {isa = PBXFileReference; lastKnownFileType = text.plist.xml; path = Info.plist; sourceTree = "<group>"; };
		9FD3A72D2211093F00770F5F /* DBTool.h */ = {isa = PBXFileReference; lastKnownFileType = sourcecode.c.h; path = DBTool.h; sourceTree = "<group>"; };
		9FD3A72E2211093F00770F5F /* DBTool.m */ = {isa = PBXFileReference; lastKnownFileType = sourcecode.c.objc; path = DBTool.m; sourceTree = "<group>"; };
		B0CB38BB371E6C35F11FDB12 /* Pods-datadbUITests.debug.xcconfig */ = {isa = PBXFileReference; includeInIndex = 1; lastKnownFileType = text.xcconfig; name = "Pods-datadbUITests.debug.xcconfig"; path = "Pods/Target Support Files/Pods-datadbUITests/Pods-datadbUITests.debug.xcconfig"; sourceTree = "<group>"; };
		B25BABA4E9E18395F5FF4C01 /* libPods-datadbTests.a */ = {isa = PBXFileReference; explicitFileType = archive.ar; includeInIndex = 0; path = "libPods-datadbTests.a"; sourceTree = BUILT_PRODUCTS_DIR; };
		D69BC9E665A7497DBED51955 /* Pods-datadbTests.release.xcconfig */ = {isa = PBXFileReference; includeInIndex = 1; lastKnownFileType = text.xcconfig; name = "Pods-datadbTests.release.xcconfig"; path = "Pods/Target Support Files/Pods-datadbTests/Pods-datadbTests.release.xcconfig"; sourceTree = "<group>"; };
		E6F4C2232C7FC5DE7F8A7C7B /* Pods-datadbUITests.release.xcconfig */ = {isa = PBXFileReference; includeInIndex = 1; lastKnownFileType = text.xcconfig; name = "Pods-datadbUITests.release.xcconfig"; path = "Pods/Target Support Files/Pods-datadbUITests/Pods-datadbUITests.release.xcconfig"; sourceTree = "<group>"; };
/* End PBXFileReference section */

/* Begin PBXFrameworksBuildPhase section */
		9F1171A222056E2E002A5485 /* Frameworks */ = {
			isa = PBXFrameworksBuildPhase;
			buildActionMask = 2147483647;
			files = (
				25FE8D4017C7774B68D3D4F9 /* libPods-datadb.a in Frameworks */,
			);
			runOnlyForDeploymentPostprocessing = 0;
		};
		9F1171BA22056E30002A5485 /* Frameworks */ = {
			isa = PBXFrameworksBuildPhase;
			buildActionMask = 2147483647;
			files = (
				CD46872144A23EA65E301B1F /* libPods-datadbTests.a in Frameworks */,
			);
			runOnlyForDeploymentPostprocessing = 0;
		};
		9F1171C522056E30002A5485 /* Frameworks */ = {
			isa = PBXFrameworksBuildPhase;
			buildActionMask = 2147483647;
			files = (
				091E0F08677EA86BDF9248F4 /* libPods-datadbUITests.a in Frameworks */,
			);
			runOnlyForDeploymentPostprocessing = 0;
		};
/* End PBXFrameworksBuildPhase section */

/* Begin PBXGroup section */
		8E5AE46820F23015224C8570 /* Frameworks */ = {
			isa = PBXGroup;
			children = (
				2809F07B54BCC7AA4A5033FE /* libPods-datadb.a */,
				B25BABA4E9E18395F5FF4C01 /* libPods-datadbTests.a */,
				9EE86A7C187C993E03FC7E31 /* libPods-datadbUITests.a */,
			);
			name = Frameworks;
			sourceTree = "<group>";
		};
		9F11719C22056E2E002A5485 = {
			isa = PBXGroup;
			children = (
				9F1171A722056E2E002A5485 /* datadb */,
				9F1171C022056E30002A5485 /* datadbTests */,
				9F1171CB22056E30002A5485 /* datadbUITests */,
				9F1171A622056E2E002A5485 /* Products */,
				BC60CA529604C3CD5D1F1FFC /* Pods */,
				8E5AE46820F23015224C8570 /* Frameworks */,
			);
			sourceTree = "<group>";
		};
		9F1171A622056E2E002A5485 /* Products */ = {
			isa = PBXGroup;
			children = (
				9F1171A522056E2E002A5485 /* datadb.app */,
				9F1171BD22056E30002A5485 /* datadbTests.xctest */,
				9F1171C822056E30002A5485 /* datadbUITests.xctest */,
			);
			name = Products;
			sourceTree = "<group>";
		};
		9F1171A722056E2E002A5485 /* datadb */ = {
			isa = PBXGroup;
			children = (
				9F1171A822056E2E002A5485 /* AppDelegate.h */,
				9F1171A922056E2E002A5485 /* AppDelegate.m */,
				9F1171AB22056E2E002A5485 /* ViewController.h */,
				9F1171AC22056E2E002A5485 /* ViewController.m */,
				9FD3A72D2211093F00770F5F /* DBTool.h */,
				9FD3A72E2211093F00770F5F /* DBTool.m */,
				9F1171AE22056E2E002A5485 /* Main.storyboard */,
				9F1171B122056E30002A5485 /* Assets.xcassets */,
				9F1171B322056E30002A5485 /* LaunchScreen.storyboard */,
				9F1171B622056E30002A5485 /* Info.plist */,
				9F1171B722056E30002A5485 /* main.m */,
			);
			path = datadb;
			sourceTree = "<group>";
		};
		9F1171C022056E30002A5485 /* datadbTests */ = {
			isa = PBXGroup;
			children = (
				9F1171C122056E30002A5485 /* datadbTests.m */,
				9F1171C322056E30002A5485 /* Info.plist */,
			);
			path = datadbTests;
			sourceTree = "<group>";
		};
		9F1171CB22056E30002A5485 /* datadbUITests */ = {
			isa = PBXGroup;
			children = (
				9F1171CC22056E30002A5485 /* datadbUITests.m */,
				9F1171CE22056E30002A5485 /* Info.plist */,
			);
			path = datadbUITests;
			sourceTree = "<group>";
		};
		BC60CA529604C3CD5D1F1FFC /* Pods */ = {
			isa = PBXGroup;
			children = (
				608D8356E3235B19FEB0BAE6 /* Pods-datadb.debug.xcconfig */,
				5A38A7E15E151323B5C4903A /* Pods-datadb.release.xcconfig */,
				11DADBB35DE0A90507B5E147 /* Pods-datadbTests.debug.xcconfig */,
				D69BC9E665A7497DBED51955 /* Pods-datadbTests.release.xcconfig */,
				B0CB38BB371E6C35F11FDB12 /* Pods-datadbUITests.debug.xcconfig */,
				E6F4C2232C7FC5DE7F8A7C7B /* Pods-datadbUITests.release.xcconfig */,
			);
			name = Pods;
			sourceTree = "<group>";
		};
/* End PBXGroup section */

/* Begin PBXNativeTarget section */
		9F1171A422056E2E002A5485 /* datadb */ = {
			isa = PBXNativeTarget;
			buildConfigurationList = 9F1171D122056E30002A5485 /* Build configuration list for PBXNativeTarget "datadb" */;
			buildPhases = (
				EED63CB061F73F87C08B1CD3 /* [CP] Check Pods Manifest.lock */,
				9F1171A122056E2E002A5485 /* Sources */,
				9F1171A222056E2E002A5485 /* Frameworks */,
				9F1171A322056E2E002A5485 /* Resources */,
			);
			buildRules = (
			);
			dependencies = (
			);
			name = datadb;
			productName = datadb;
			productReference = 9F1171A522056E2E002A5485 /* datadb.app */;
			productType = "com.apple.product-type.application";
		};
		9F1171BC22056E30002A5485 /* datadbTests */ = {
			isa = PBXNativeTarget;
			buildConfigurationList = 9F1171D422056E30002A5485 /* Build configuration list for PBXNativeTarget "datadbTests" */;
			buildPhases = (
				01FC84A3AA8B181AE3469EBC /* [CP] Check Pods Manifest.lock */,
				9F1171B922056E30002A5485 /* Sources */,
				9F1171BA22056E30002A5485 /* Frameworks */,
				9F1171BB22056E30002A5485 /* Resources */,
			);
			buildRules = (
			);
			dependencies = (
				9F1171BF22056E30002A5485 /* PBXTargetDependency */,
			);
			name = datadbTests;
			productName = datadbTests;
			productReference = 9F1171BD22056E30002A5485 /* datadbTests.xctest */;
			productType = "com.apple.product-type.bundle.unit-test";
		};
		9F1171C722056E30002A5485 /* datadbUITests */ = {
			isa = PBXNativeTarget;
			buildConfigurationList = 9F1171D722056E30002A5485 /* Build configuration list for PBXNativeTarget "datadbUITests" */;
			buildPhases = (
				FC43A8B23B58DDEC520CECB5 /* [CP] Check Pods Manifest.lock */,
				9F1171C422056E30002A5485 /* Sources */,
				9F1171C522056E30002A5485 /* Frameworks */,
				9F1171C622056E30002A5485 /* Resources */,
			);
			buildRules = (
			);
			dependencies = (
				9F1171CA22056E30002A5485 /* PBXTargetDependency */,
			);
			name = datadbUITests;
			productName = datadbUITests;
			productReference = 9F1171C822056E30002A5485 /* datadbUITests.xctest */;
			productType = "com.apple.product-type.bundle.ui-testing";
		};
/* End PBXNativeTarget section */

/* Begin PBXProject section */
		9F11719D22056E2E002A5485 /* Project object */ = {
			isa = PBXProject;
			attributes = {
				LastUpgradeCheck = 0940;
				ORGANIZATIONNAME = "Yulin Zhao";
				TargetAttributes = {
					9F1171A422056E2E002A5485 = {
						CreatedOnToolsVersion = 9.4.1;
					};
					9F1171BC22056E30002A5485 = {
						CreatedOnToolsVersion = 9.4.1;
						TestTargetID = 9F1171A422056E2E002A5485;
					};
					9F1171C722056E30002A5485 = {
						CreatedOnToolsVersion = 9.4.1;
						TestTargetID = 9F1171A422056E2E002A5485;
					};
				};
			};
			buildConfigurationList = 9F1171A022056E2E002A5485 /* Build configuration list for PBXProject "datadb" */;
			compatibilityVersion = "Xcode 9.3";
			developmentRegion = en;
			hasScannedForEncodings = 0;
			knownRegions = (
				en,
				Base,
			);
			mainGroup = 9F11719C22056E2E002A5485;
			productRefGroup = 9F1171A622056E2E002A5485 /* Products */;
			projectDirPath = "";
			projectRoot = "";
			targets = (
				9F1171A422056E2E002A5485 /* datadb */,
				9F1171BC22056E30002A5485 /* datadbTests */,
				9F1171C722056E30002A5485 /* datadbUITests */,
			);
		};
/* End PBXProject section */

/* Begin PBXResourcesBuildPhase section */
		9F1171A322056E2E002A5485 /* Resources */ = {
			isa = PBXResourcesBuildPhase;
			buildActionMask = 2147483647;
			files = (
				9F1171B522056E30002A5485 /* LaunchScreen.storyboard in Resources */,
				9F1171B222056E30002A5485 /* Assets.xcassets in Resources */,
				9F1171B022056E2E002A5485 /* Main.storyboard in Resources */,
			);
			runOnlyForDeploymentPostprocessing = 0;
		};
		9F1171BB22056E30002A5485 /* Resources */ = {
			isa = PBXResourcesBuildPhase;
			buildActionMask = 2147483647;
			files = (
			);
			runOnlyForDeploymentPostprocessing = 0;
		};
		9F1171C622056E30002A5485 /* Resources */ = {
			isa = PBXResourcesBuildPhase;
			buildActionMask = 2147483647;
			files = (
			);
			runOnlyForDeploymentPostprocessing = 0;
		};
/* End PBXResourcesBuildPhase section */

/* Begin PBXShellScriptBuildPhase section */
		01FC84A3AA8B181AE3469EBC /* [CP] Check Pods Manifest.lock */ = {
			isa = PBXShellScriptBuildPhase;
			buildActionMask = 2147483647;
			files = (
			);
			inputPaths = (
				"${PODS_PODFILE_DIR_PATH}/Podfile.lock",
				"${PODS_ROOT}/Manifest.lock",
			);
			name = "[CP] Check Pods Manifest.lock";
			outputPaths = (
				"$(DERIVED_FILE_DIR)/Pods-datadbTests-checkManifestLockResult.txt",
			);
			runOnlyForDeploymentPostprocessing = 0;
			shellPath = /bin/sh;
			shellScript = "diff \"${PODS_PODFILE_DIR_PATH}/Podfile.lock\" \"${PODS_ROOT}/Manifest.lock\" > /dev/null\nif [ $? != 0 ] ; then\n    # print error to STDERR\n    echo \"error: The sandbox is not in sync with the Podfile.lock. Run 'pod install' or update your CocoaPods installation.\" >&2\n    exit 1\nfi\n# This output is used by Xcode 'outputs' to avoid re-running this script phase.\necho \"SUCCESS\" > \"${SCRIPT_OUTPUT_FILE_0}\"\n";
			showEnvVarsInLog = 0;
		};
		EED63CB061F73F87C08B1CD3 /* [CP] Check Pods Manifest.lock */ = {
			isa = PBXShellScriptBuildPhase;
			buildActionMask = 2147483647;
			files = (
			);
			inputPaths = (
				"${PODS_PODFILE_DIR_PATH}/Podfile.lock",
				"${PODS_ROOT}/Manifest.lock",
			);
			name = "[CP] Check Pods Manifest.lock";
			outputPaths = (
				"$(DERIVED_FILE_DIR)/Pods-datadb-checkManifestLockResult.txt",
			);
			runOnlyForDeploymentPostprocessing = 0;
			shellPath = /bin/sh;
			shellScript = "diff \"${PODS_PODFILE_DIR_PATH}/Podfile.lock\" \"${PODS_ROOT}/Manifest.lock\" > /dev/null\nif [ $? != 0 ] ; then\n    # print error to STDERR\n    echo \"error: The sandbox is not in sync with the Podfile.lock. Run 'pod install' or update your CocoaPods installation.\" >&2\n    exit 1\nfi\n# This output is used by Xcode 'outputs' to avoid re-running this script phase.\necho \"SUCCESS\" > \"${SCRIPT_OUTPUT_FILE_0}\"\n";
			showEnvVarsInLog = 0;
		};
		FC43A8B23B58DDEC520CECB5 /* [CP] Check Pods Manifest.lock */ = {
			isa = PBXShellScriptBuildPhase;
			buildActionMask = 2147483647;
			files = (
			);
			inputPaths = (
				"${PODS_PODFILE_DIR_PATH}/Podfile.lock",
				"${PODS_ROOT}/Manifest.lock",
			);
			name = "[CP] Check Pods Manifest.lock";
			outputPaths = (
				"$(DERIVED_FILE_DIR)/Pods-datadbUITests-checkManifestLockResult.txt",
			);
			runOnlyForDeploymentPostprocessing = 0;
			shellPath = /bin/sh;
			shellScript = "diff \"${PODS_PODFILE_DIR_PATH}/Podfile.lock\" \"${PODS_ROOT}/Manifest.lock\" > /dev/null\nif [ $? != 0 ] ; then\n    # print error to STDERR\n    echo \"error: The sandbox is not in sync with the Podfile.lock. Run 'pod install' or update your CocoaPods installation.\" >&2\n    exit 1\nfi\n# This output is used by Xcode 'outputs' to avoid re-running this script phase.\necho \"SUCCESS\" > \"${SCRIPT_OUTPUT_FILE_0}\"\n";
			showEnvVarsInLog = 0;
		};
/* End PBXShellScriptBuildPhase section */

/* Begin PBXSourcesBuildPhase section */
		9F1171A122056E2E002A5485 /* Sources */ = {
			isa = PBXSourcesBuildPhase;
			buildActionMask = 2147483647;
			files = (
				9F1171AD22056E2E002A5485 /* ViewController.m in Sources */,
				9F1171B822056E30002A5485 /* main.m in Sources */,
				9F1171AA22056E2E002A5485 /* AppDelegate.m in Sources */,
				9FD3A72F2211093F00770F5F /* DBTool.m in Sources */,
			);
			runOnlyForDeploymentPostprocessing = 0;
		};
		9F1171B922056E30002A5485 /* Sources */ = {
			isa = PBXSourcesBuildPhase;
			buildActionMask = 2147483647;
			files = (
				9F1171C222056E30002A5485 /* datadbTests.m in Sources */,
			);
			runOnlyForDeploymentPostprocessing = 0;
		};
		9F1171C422056E30002A5485 /* Sources */ = {
			isa = PBXSourcesBuildPhase;
			buildActionMask = 2147483647;
			files = (
				9F1171CD22056E30002A5485 /* datadbUITests.m in Sources */,
			);
			runOnlyForDeploymentPostprocessing = 0;
		};
/* End PBXSourcesBuildPhase section */

/* Begin PBXTargetDependency section */
		9F1171BF22056E30002A5485 /* PBXTargetDependency */ = {
			isa = PBXTargetDependency;
			target = 9F1171A422056E2E002A5485 /* datadb */;
			targetProxy = 9F1171BE22056E30002A5485 /* PBXContainerItemProxy */;
		};
		9F1171CA22056E30002A5485 /* PBXTargetDependency */ = {
			isa = PBXTargetDependency;
			target = 9F1171A422056E2E002A5485 /* datadb */;
			targetProxy = 9F1171C922056E30002A5485 /* PBXContainerItemProxy */;
		};
/* End PBXTargetDependency section */

/* Begin PBXVariantGroup section */
		9F1171AE22056E2E002A5485 /* Main.storyboard */ = {
			isa = PBXVariantGroup;
			children = (
				9F1171AF22056E2E002A5485 /* Base */,
			);
			name = Main.storyboard;
			sourceTree = "<group>";
		};
		9F1171B322056E30002A5485 /* LaunchScreen.storyboard */ = {
			isa = PBXVariantGroup;
			children = (
				9F1171B422056E30002A5485 /* Base */,
			);
			name = LaunchScreen.storyboard;
			sourceTree = "<group>";
		};
/* End PBXVariantGroup section */

/* Begin XCBuildConfiguration section */
		9F1171CF22056E30002A5485 /* Debug */ = {
			isa = XCBuildConfiguration;
			buildSettings = {
				ALWAYS_SEARCH_USER_PATHS = NO;
				CLANG_ANALYZER_NONNULL = YES;
				CLANG_ANALYZER_NUMBER_OBJECT_CONVERSION = YES_AGGRESSIVE;
				CLANG_CXX_LANGUAGE_STANDARD = "gnu++14";
				CLANG_CXX_LIBRARY = "libc++";
				CLANG_ENABLE_MODULES = YES;
				CLANG_ENABLE_OBJC_ARC = YES;
				CLANG_ENABLE_OBJC_WEAK = YES;
				CLANG_WARN_BLOCK_CAPTURE_AUTORELEASING = YES;
				CLANG_WARN_BOOL_CONVERSION = YES;
				CLANG_WARN_COMMA = YES;
				CLANG_WARN_CONSTANT_CONVERSION = YES;
				CLANG_WARN_DEPRECATED_OBJC_IMPLEMENTATIONS = YES;
				CLANG_WARN_DIRECT_OBJC_ISA_USAGE = YES_ERROR;
				CLANG_WARN_DOCUMENTATION_COMMENTS = YES;
				CLANG_WARN_EMPTY_BODY = YES;
				CLANG_WARN_ENUM_CONVERSION = YES;
				CLANG_WARN_INFINITE_RECURSION = YES;
				CLANG_WARN_INT_CONVERSION = YES;
				CLANG_WARN_NON_LITERAL_NULL_CONVERSION = YES;
				CLANG_WARN_OBJC_IMPLICIT_RETAIN_SELF = YES;
				CLANG_WARN_OBJC_LITERAL_CONVERSION = YES;
				CLANG_WARN_OBJC_ROOT_CLASS = YES_ERROR;
				CLANG_WARN_RANGE_LOOP_ANALYSIS = YES;
				CLANG_WARN_STRICT_PROTOTYPES = YES;
				CLANG_WARN_SUSPICIOUS_MOVE = YES;
				CLANG_WARN_UNGUARDED_AVAILABILITY = YES_AGGRESSIVE;
				CLANG_WARN_UNREACHABLE_CODE = YES;
				CLANG_WARN__DUPLICATE_METHOD_MATCH = YES;
				CODE_SIGN_IDENTITY = "iPhone Developer";
				COPY_PHASE_STRIP = NO;
				DEBUG_INFORMATION_FORMAT = dwarf;
				ENABLE_STRICT_OBJC_MSGSEND = YES;
				ENABLE_TESTABILITY = YES;
				GCC_C_LANGUAGE_STANDARD = gnu11;
				GCC_DYNAMIC_NO_PIC = NO;
				GCC_NO_COMMON_BLOCKS = YES;
				GCC_OPTIMIZATION_LEVEL = 0;
				GCC_PREPROCESSOR_DEFINITIONS = (
					"DEBUG=1",
					"$(inherited)",
				);
				GCC_WARN_64_TO_32_BIT_CONVERSION = YES;
				GCC_WARN_ABOUT_RETURN_TYPE = YES_ERROR;
				GCC_WARN_UNDECLARED_SELECTOR = YES;
				GCC_WARN_UNINITIALIZED_AUTOS = YES_AGGRESSIVE;
				GCC_WARN_UNUSED_FUNCTION = YES;
				GCC_WARN_UNUSED_VARIABLE = YES;
				IPHONEOS_DEPLOYMENT_TARGET = 11.4;
				MTL_ENABLE_DEBUG_INFO = YES;
				ONLY_ACTIVE_ARCH = YES;
				SDKROOT = iphoneos;
			};
			name = Debug;
		};
		9F1171D022056E30002A5485 /* Release */ = {
			isa = XCBuildConfiguration;
			buildSettings = {
				ALWAYS_SEARCH_USER_PATHS = NO;
				CLANG_ANALYZER_NONNULL = YES;
				CLANG_ANALYZER_NUMBER_OBJECT_CONVERSION = YES_AGGRESSIVE;
				CLANG_CXX_LANGUAGE_STANDARD = "gnu++14";
				CLANG_CXX_LIBRARY = "libc++";
				CLANG_ENABLE_MODULES = YES;
				CLANG_ENABLE_OBJC_ARC = YES;
				CLANG_ENABLE_OBJC_WEAK = YES;
				CLANG_WARN_BLOCK_CAPTURE_AUTORELEASING = YES;
				CLANG_WARN_BOOL_CONVERSION = YES;
				CLANG_WARN_COMMA = YES;
				CLANG_WARN_CONSTANT_CONVERSION = YES;
				CLANG_WARN_DEPRECATED_OBJC_IMPLEMENTATIONS = YES;
				CLANG_WARN_DIRECT_OBJC_ISA_USAGE = YES_ERROR;
				CLANG_WARN_DOCUMENTATION_COMMENTS = YES;
				CLANG_WARN_EMPTY_BODY = YES;
				CLANG_WARN_ENUM_CONVERSION = YES;
				CLANG_WARN_INFINITE_RECURSION = YES;
				CLANG_WARN_INT_CONVERSION = YES;
				CLANG_WARN_NON_LITERAL_NULL_CONVERSION = YES;
				CLANG_WARN_OBJC_IMPLICIT_RETAIN_SELF = YES;
				CLANG_WARN_OBJC_LITERAL_CONVERSION = YES;
				CLANG_WARN_OBJC_ROOT_CLASS = YES_ERROR;
				CLANG_WARN_RANGE_LOOP_ANALYSIS = YES;
				CLANG_WARN_STRICT_PROTOTYPES = YES;
				CLANG_WARN_SUSPICIOUS_MOVE = YES;
				CLANG_WARN_UNGUARDED_AVAILABILITY = YES_AGGRESSIVE;
				CLANG_WARN_UNREACHABLE_CODE = YES;
				CLANG_WARN__DUPLICATE_METHOD_MATCH = YES;
				CODE_SIGN_IDENTITY = "iPhone Developer";
				COPY_PHASE_STRIP = NO;
				DEBUG_INFORMATION_FORMAT = "dwarf-with-dsym";
				ENABLE_NS_ASSERTIONS = NO;
				ENABLE_STRICT_OBJC_MSGSEND = YES;
				GCC_C_LANGUAGE_STANDARD = gnu11;
				GCC_NO_COMMON_BLOCKS = YES;
				GCC_WARN_64_TO_32_BIT_CONVERSION = YES;
				GCC_WARN_ABOUT_RETURN_TYPE = YES_ERROR;
				GCC_WARN_UNDECLARED_SELECTOR = YES;
				GCC_WARN_UNINITIALIZED_AUTOS = YES_AGGRESSIVE;
				GCC_WARN_UNUSED_FUNCTION = YES;
				GCC_WARN_UNUSED_VARIABLE = YES;
				IPHONEOS_DEPLOYMENT_TARGET = 11.4;
				MTL_ENABLE_DEBUG_INFO = NO;
				SDKROOT = iphoneos;
				VALIDATE_PRODUCT = YES;
			};
			name = Release;
		};
		9F1171D222056E30002A5485 /* Debug */ = {
			isa = XCBuildConfiguration;
			baseConfigurationReference = 608D8356E3235B19FEB0BAE6 /* Pods-datadb.debug.xcconfig */;
			buildSettings = {
				ASSETCATALOG_COMPILER_APPICON_NAME = AppIcon;
				CODE_SIGN_STYLE = Automatic;
				DEVELOPMENT_TEAM = X5NG3Q5TQ8;
				INFOPLIST_FILE = datadb/Info.plist;
				LD_RUNPATH_SEARCH_PATHS = (
					"$(inherited)",
					"@executable_path/Frameworks",
				);
				PRODUCT_BUNDLE_IDENTIFIER = "zhang-xy.com.datadb";
				PRODUCT_NAME = "$(TARGET_NAME)";
				TARGETED_DEVICE_FAMILY = "1,2";
			};
			name = Debug;
		};
		9F1171D322056E30002A5485 /* Release */ = {
			isa = XCBuildConfiguration;
			baseConfigurationReference = 5A38A7E15E151323B5C4903A /* Pods-datadb.release.xcconfig */;
			buildSettings = {
				ASSETCATALOG_COMPILER_APPICON_NAME = AppIcon;
				CODE_SIGN_STYLE = Automatic;
				DEVELOPMENT_TEAM = X5NG3Q5TQ8;
				INFOPLIST_FILE = datadb/Info.plist;
				LD_RUNPATH_SEARCH_PATHS = (
					"$(inherited)",
					"@executable_path/Frameworks",
				);
				PRODUCT_BUNDLE_IDENTIFIER = "zhang-xy.com.datadb";
				PRODUCT_NAME = "$(TARGET_NAME)";
				TARGETED_DEVICE_FAMILY = "1,2";
			};
			name = Release;
		};
		9F1171D522056E30002A5485 /* Debug */ = {
			isa = XCBuildConfiguration;
			baseConfigurationReference = 11DADBB35DE0A90507B5E147 /* Pods-datadbTests.debug.xcconfig */;
			buildSettings = {
				BUNDLE_LOADER = "$(TEST_HOST)";
				CODE_SIGN_STYLE = Automatic;
				DEVELOPMENT_TEAM = X5NG3Q5TQ8;
				INFOPLIST_FILE = datadbTests/Info.plist;
				LD_RUNPATH_SEARCH_PATHS = (
					"$(inherited)",
					"@executable_path/Frameworks",
					"@loader_path/Frameworks",
				);
				PRODUCT_BUNDLE_IDENTIFIER = "zhang-xy.com.datadbTests";
				PRODUCT_NAME = "$(TARGET_NAME)";
				TARGETED_DEVICE_FAMILY = "1,2";
				TEST_HOST = "$(BUILT_PRODUCTS_DIR)/datadb.app/datadb";
			};
			name = Debug;
		};
		9F1171D622056E30002A5485 /* Release */ = {
			isa = XCBuildConfiguration;
			baseConfigurationReference = D69BC9E665A7497DBED51955 /* Pods-datadbTests.release.xcconfig */;
			buildSettings = {
				BUNDLE_LOADER = "$(TEST_HOST)";
				CODE_SIGN_STYLE = Automatic;
				DEVELOPMENT_TEAM = X5NG3Q5TQ8;
				INFOPLIST_FILE = datadbTests/Info.plist;
				LD_RUNPATH_SEARCH_PATHS = (
					"$(inherited)",
					"@executable_path/Frameworks",
					"@loader_path/Frameworks",
				);
				PRODUCT_BUNDLE_IDENTIFIER = "zhang-xy.com.datadbTests";
				PRODUCT_NAME = "$(TARGET_NAME)";
				TARGETED_DEVICE_FAMILY = "1,2";
				TEST_HOST = "$(BUILT_PRODUCTS_DIR)/datadb.app/datadb";
			};
			name = Release;
		};
		9F1171D822056E30002A5485 /* Debug */ = {
			isa = XCBuildConfiguration;
			baseConfigurationReference = B0CB38BB371E6C35F11FDB12 /* Pods-datadbUITests.debug.xcconfig */;
			buildSettings = {
				CODE_SIGN_STYLE = Automatic;
				DEVELOPMENT_TEAM = X5NG3Q5TQ8;
				INFOPLIST_FILE = datadbUITests/Info.plist;
				LD_RUNPATH_SEARCH_PATHS = (
					"$(inherited)",
					"@executable_path/Frameworks",
					"@loader_path/Frameworks",
				);
				PRODUCT_BUNDLE_IDENTIFIER = "zhang-xy.com.datadbUITests";
				PRODUCT_NAME = "$(TARGET_NAME)";
				TARGETED_DEVICE_FAMILY = "1,2";
				TEST_TARGET_NAME = datadb;
			};
			name = Debug;
		};
		9F1171D922056E30002A5485 /* Release */ = {
			isa = XCBuildConfiguration;
			baseConfigurationReference = E6F4C2232C7FC5DE7F8A7C7B /* Pods-datadbUITests.release.xcconfig */;
			buildSettings = {
				CODE_SIGN_STYLE = Automatic;
				DEVELOPMENT_TEAM = X5NG3Q5TQ8;
				INFOPLIST_FILE = datadbUITests/Info.plist;
				LD_RUNPATH_SEARCH_PATHS = (
					"$(inherited)",
					"@executable_path/Frameworks",
					"@loader_path/Frameworks",
				);
				PRODUCT_BUNDLE_IDENTIFIER = "zhang-xy.com.datadbUITests";
				PRODUCT_NAME = "$(TARGET_NAME)";
				TARGETED_DEVICE_FAMILY = "1,2";
				TEST_TARGET_NAME = datadb;
			};
			name = Release;
		};
/* End XCBuildConfiguration section */

/* Begin XCConfigurationList section */
		9F1171A022056E2E002A5485 /* Build configuration list for PBXProject "datadb" */ = {
			isa = XCConfigurationList;
			buildConfigurations = (
				9F1171CF22056E30002A5485 /* Debug */,
				9F1171D022056E30002A5485 /* Release */,
			);
			defaultConfigurationIsVisible = 0;
			defaultConfigurationName = Release;
		};
		9F1171D122056E30002A5485 /* Build configuration list for PBXNativeTarget "datadb" */ = {
			isa = XCConfigurationList;
			buildConfigurations = (
				9F1171D222056E30002A5485 /* Debug */,
				9F1171D322056E30002A5485 /* Release */,
			);
			defaultConfigurationIsVisible = 0;
			defaultConfigurationName = Release;
		};
		9F1171D422056E30002A5485 /* Build configuration list for PBXNativeTarget "datadbTests" */ = {
			isa = XCConfigurationList;
			buildConfigurations = (
				9F1171D522056E30002A5485 /* Debug */,
				9F1171D622056E30002A5485 /* Release */,
			);
			defaultConfigurationIsVisible = 0;
			defaultConfigurationName = Release;
		};
		9F1171D722056E30002A5485 /* Build configuration list for PBXNativeTarget "datadbUITests" */ = {
			isa = XCConfigurationList;
			buildConfigurations = (
				9F1171D822056E30002A5485 /* Debug */,
				9F1171D922056E30002A5485 /* Release */,
			);
			defaultConfigurationIsVisible = 0;
			defaultConfigurationName = Release;
		};
/* End XCConfigurationList section */
	};
	rootObject = 9F11719D22056E2E002A5485 /* Project object */;
}
